
Microsoft Visual Studio Solution File, Format Version 12.00
# Visual Studio Version 16
VisualStudioVersion = 16.0.31702.278
MinimumVisualStudioVersion = 10.0.40219.1
Project("{FAE04EC0-301F-11D3-BF4B-00C04F79EFBC}") = "Wages for month", "Wages for month.csproj", "{8A7DCDBE-F33A-4661-861E-BECAD31E616D}"
EndProject
Global
	GlobalSection(SolutionConfigurationPlatforms) = preSolution
		Debug|Any CPU = Debug|Any CPU
		Release|Any CPU = Release|Any CPU
	EndGlobalSection
	GlobalSection(ProjectConfigurationPlatforms) = postSolution
		{8A7DCDBE-F33A-4661-861E-BECAD31E616D}.Debug|Any CPU.ActiveCfg = Debug|Any CPU
		{8A7DCDBE-F33A-4661-861E-BECAD31E616D}.Debug|Any CPU.Build.0 = Debug|Any CPU
		{8A7DCDBE-F33A-4661-861E-BECAD31E616D}.Release|Any CPU.ActiveCfg = Release|Any CPU
		{8A7DCDBE-F33A-4661-861E-BECAD31E616D}.Release|Any CPU.Build.0 = Release|Any CPU
	EndGlobalSection
	GlobalSection(SolutionProperties) = preSolution
		HideSolutionNode = FALSE
	EndGlobalSection
	GlobalSection(ExtensibilityGlobals) = postSolution
		SolutionGuid = {7889BF7D-0228-4A45-8B6C-4E8501CBD1DC}
	EndGlobalSection
EndGlobal
